{
  "pins" : [
    {
      "identity" : "ion",
      "kind" : "remoteSourceControl",
      "location" : "https://github.com/zhvrnkov/ion",
      "state" : {
        "branch" : "master",
        "revision" : "536a941f1abff714f50ad8a06f2fe1f05f832494"
      }
    },
    {
      "identity" : "keychainaccess",
      "kind" : "remoteSourceControl",
      "location" : "https://github.com/kishikawakatsumi/KeychainAccess",
      "state" : {
        "revision" : "84e546727d66f1adc5439debad16270d0fdd04e7",
        "version" : "4.2.2"
      }
    },
    {
      "identity" : "kronos",
      "kind" : "remoteSourceControl",
      "location" : "https://github.com/MobileNativeFoundation/Kronos",
      "state" : {
        "revision" : "b7f54653a8bb503f42b59ab3160eb11f333b9d3f",
        "version" : "4.2.1"
      }
    },
    {
      "identity" : "swiftystorekit",
      "kind" : "remoteSourceControl",
      "location" : "https://github.com/bizz84/SwiftyStoreKit",
      "state" : {
        "revision" : "3b54c8eac2840b0cdd576634e83d9ebeb70f847c",
        "version" : "0.16.3"
      }
    }
  ],
  "version" : 2
}
