// !$*UTF8*$!
{
	archiveVersion = 1;
	classes = {
	};
	objectVersion = 52;
	objects = {

/* Begin PBXBuildFile section */
		4414B960F04290E62FA8CCE6 /* LedgerPaymentTests.swift in Sources */ = {isa = PBXBuildFile; fileRef = 824D5E5940F7B5D8B1F4B4A2 /* LedgerPaymentTests.swift */; };
		57D7DAD42679EC640007FF86 /* Ledger.swift in Sources */ = {isa = PBXBuildFile; fileRef = 57D7DAD32679EC640007FF86 /* Ledger.swift */; };
		57D7DAE12679EE640007FF86 /* SwiftyStoreKit.xcframework in Frameworks */ = {isa = PBXBuildFile; fileRef = 57D7DADF2679EE640007FF86 /* SwiftyStoreKit.xcframework */; };
		57D7DAE32679EE640007FF86 /* KeychainAccess.xcframework in Frameworks */ = {isa = PBXBuildFile; fileRef = 57D7DAE02679EE640007FF86 /* KeychainAccess.xcframework */; };
		57D7DAEB2679EECE0007FF86 /* Product.swift in Sources */ = {isa = PBXBuildFile; fileRef = 57D7DAEA2679EECE0007FF86 /* Product.swift */; };
		57D7DB002679F9200007FF86 /* KeychainAccess.xcframework in Frameworks */ = {isa = PBXBuildFile; fileRef = 57D7DAE02679EE640007FF86 /* KeychainAccess.xcframework */; };
		57D7DB012679F9200007FF86 /* KeychainAccess.xcframework in Embed Frameworks */ = {isa = PBXBuildFile; fileRef = 57D7DAE02679EE640007FF86 /* KeychainAccess.xcframework */; settings = {ATTRIBUTES = (CodeSignOnCopy, RemoveHeadersOnCopy, ); }; };
		57D7DB022679F9200007FF86 /* SwiftyStoreKit.xcframework in Frameworks */ = {isa = PBXBuildFile; fileRef = 57D7DADF2679EE640007FF86 /* SwiftyStoreKit.xcframework */; };
		57D7DB032679F9200007FF86 /* SwiftyStoreKit.xcframework in Embed Frameworks */ = {isa = PBXBuildFile; fileRef = 57D7DADF2679EE640007FF86 /* SwiftyStoreKit.xcframework */; settings = {ATTRIBUTES = (CodeSignOnCopy, RemoveHeadersOnCopy, ); }; };
		57D7DB072679F9440007FF86 /* StoreKit.framework in Frameworks */ = {isa = PBXBuildFile; fileRef = 57D7DB062679F9440007FF86 /* StoreKit.framework */; };
		57D7DB0B2679FEC60007FF86 /* Receipt.swift in Sources */ = {isa = PBXBuildFile; fileRef = 57D7DB0A2679FEC60007FF86 /* Receipt.swift */; };
		57D7DB0F267A06430007FF86 /* Kronos.xcframework in Frameworks */ = {isa = PBXBuildFile; fileRef = 57D7DB0E267A06430007FF86 /* Kronos.xcframework */; };
		57D7DB15267A064B0007FF86 /* Kronos.xcframework in Frameworks */ = {isa = PBXBuildFile; fileRef = 57D7DB0E267A06430007FF86 /* Kronos.xcframework */; };
		57D7DB16267A064B0007FF86 /* Kronos.xcframework in Embed Frameworks */ = {isa = PBXBuildFile; fileRef = 57D7DB0E267A06430007FF86 /* Kronos.xcframework */; settings = {ATTRIBUTES = (CodeSignOnCopy, RemoveHeadersOnCopy, ); }; };
		57D7DB4F267B33C70007FF86 /* Ion.xcframework in Frameworks */ = {isa = PBXBuildFile; fileRef = 57D7DB4E267B33C60007FF86 /* Ion.xcframework */; };
		57D7DB55267B33D30007FF86 /* Ion.xcframework in Frameworks */ = {isa = PBXBuildFile; fileRef = 57D7DB4E267B33C60007FF86 /* Ion.xcframework */; };
		57D7DB56267B33D30007FF86 /* Ion.xcframework in Embed Frameworks */ = {isa = PBXBuildFile; fileRef = 57D7DB4E267B33C60007FF86 /* Ion.xcframework */; settings = {ATTRIBUTES = (CodeSignOnCopy, RemoveHeadersOnCopy, ); }; };
		57D7DB68267C50E20007FF86 /* Constants.swift in Sources */ = {isa = PBXBuildFile; fileRef = 57D7DB64267C50DD0007FF86 /* Constants.swift */; };
		57D7DB70267C5B930007FF86 /* PurchaseInfo.swift in Sources */ = {isa = PBXBuildFile; fileRef = 57D7DB6F267C5B930007FF86 /* PurchaseInfo.swift */; };
		6B0D957D9085D38ECE5FEEAA /* ExampleViewController.swift in Sources */ = {isa = PBXBuildFile; fileRef = 0E66733DB1CC9A1C4CF3FD37 /* ExampleViewController.swift */; };
		8892CE47BF2B28AD928864EA /* LedgerPayment.framework in Embed Frameworks */ = {isa = PBXBuildFile; fileRef = 810548AB366887C01104E65A /* LedgerPayment.framework */; settings = {ATTRIBUTES = (CodeSignOnCopy, RemoveHeadersOnCopy, ); }; };
		9A9C9A524BFEB3F96D03181F /* AppDelegate.swift in Sources */ = {isa = PBXBuildFile; fileRef = 32E5CB4F7E6008CA2D0A6411 /* AppDelegate.swift */; };
		9F6211236FC0F5BEA9E7545A /* XCTestManifests.swift in Sources */ = {isa = PBXBuildFile; fileRef = CF776268A36D999698D4F267 /* XCTestManifests.swift */; };
		A923D0C028530244002B2B03 /* SKProductSubscriptionPeriod+Period.swift in Sources */ = {isa = PBXBuildFile; fileRef = A923D0BF28530244002B2B03 /* SKProductSubscriptionPeriod+Period.swift */; };
		A9C85B432851E3FC007AFAD8 /* NSNumber+localizedPrice.swift in Sources */ = {isa = PBXBuildFile; fileRef = A9C85B412851E3F8007AFAD8 /* NSNumber+localizedPrice.swift */; };
		A9C85B492851EC0B007AFAD8 /* IntroductoryOffer.swift in Sources */ = {isa = PBXBuildFile; fileRef = A9C85B482851EC0B007AFAD8 /* IntroductoryOffer.swift */; };
		FC8EF8D6F576F130B0DB5FDC /* LedgerPayment.framework in Frameworks */ = {isa = PBXBuildFile; fileRef = 810548AB366887C01104E65A /* LedgerPayment.framework */; };
/* End PBXBuildFile section */

/* Begin PBXContainerItemProxy section */
		A304449CCE9FE073B915A580 /* PBXContainerItemProxy */ = {
			isa = PBXContainerItemProxy;
			containerPortal = B0A8B9A62D78718FE29D671C /* Project object */;
			proxyType = 1;
			remoteGlobalIDString = 4C63ED7EA67F3DD405FABA36;
			remoteInfo = Ledger;
		};
/* End PBXContainerItemProxy section */

/* Begin PBXCopyFilesBuildPhase section */
		93FE9847DBCC8F232A664F4C /* Embed Frameworks */ = {
			isa = PBXCopyFilesBuildPhase;
			buildActionMask = 2147483647;
			dstPath = "";
			dstSubfolderSpec = 10;
			files = (
				57D7DB032679F9200007FF86 /* SwiftyStoreKit.xcframework in Embed Frameworks */,
				57D7DB16267A064B0007FF86 /* Kronos.xcframework in Embed Frameworks */,
				57D7DB56267B33D30007FF86 /* Ion.xcframework in Embed Frameworks */,
				8892CE47BF2B28AD928864EA /* LedgerPayment.framework in Embed Frameworks */,
				57D7DB012679F9200007FF86 /* KeychainAccess.xcframework in Embed Frameworks */,
			);
			name = "Embed Frameworks";
			runOnlyForDeploymentPostprocessing = 0;
		};
/* End PBXCopyFilesBuildPhase section */

/* Begin PBXFileReference section */
		0E66733DB1CC9A1C4CF3FD37 /* ExampleViewController.swift */ = {isa = PBXFileReference; lastKnownFileType = sourcecode.swift; path = ExampleViewController.swift; sourceTree = "<group>"; };
		32E5CB4F7E6008CA2D0A6411 /* AppDelegate.swift */ = {isa = PBXFileReference; lastKnownFileType = sourcecode.swift; path = AppDelegate.swift; sourceTree = "<group>"; };
		57D7DAD32679EC640007FF86 /* Ledger.swift */ = {isa = PBXFileReference; lastKnownFileType = sourcecode.swift; path = Ledger.swift; sourceTree = "<group>"; };
		57D7DADF2679EE640007FF86 /* SwiftyStoreKit.xcframework */ = {isa = PBXFileReference; lastKnownFileType = wrapper.xcframework; name = SwiftyStoreKit.xcframework; path = Carthage/Build/SwiftyStoreKit.xcframework; sourceTree = "<group>"; };
		57D7DAE02679EE640007FF86 /* KeychainAccess.xcframework */ = {isa = PBXFileReference; lastKnownFileType = wrapper.xcframework; name = KeychainAccess.xcframework; path = Carthage/Build/KeychainAccess.xcframework; sourceTree = "<group>"; };
		57D7DAEA2679EECE0007FF86 /* Product.swift */ = {isa = PBXFileReference; lastKnownFileType = sourcecode.swift; path = Product.swift; sourceTree = "<group>"; };
		57D7DB062679F9440007FF86 /* StoreKit.framework */ = {isa = PBXFileReference; lastKnownFileType = wrapper.framework; name = StoreKit.framework; path = System/Library/Frameworks/StoreKit.framework; sourceTree = SDKROOT; };
		57D7DB0A2679FEC60007FF86 /* Receipt.swift */ = {isa = PBXFileReference; lastKnownFileType = sourcecode.swift; path = Receipt.swift; sourceTree = "<group>"; };
		57D7DB0E267A06430007FF86 /* Kronos.xcframework */ = {isa = PBXFileReference; lastKnownFileType = wrapper.xcframework; name = Kronos.xcframework; path = Carthage/Build/Kronos.xcframework; sourceTree = "<group>"; };
		57D7DB19267B2D4F0007FF86 /* Configuration.storekit */ = {isa = PBXFileReference; lastKnownFileType = text; path = Configuration.storekit; sourceTree = "<group>"; };
		57D7DB4E267B33C60007FF86 /* Ion.xcframework */ = {isa = PBXFileReference; lastKnownFileType = wrapper.xcframework; name = Ion.xcframework; path = Carthage/Build/Ion.xcframework; sourceTree = "<group>"; };
		57D7DB64267C50DD0007FF86 /* Constants.swift */ = {isa = PBXFileReference; lastKnownFileType = sourcecode.swift; path = Constants.swift; sourceTree = "<group>"; };
		57D7DB6F267C5B930007FF86 /* PurchaseInfo.swift */ = {isa = PBXFileReference; lastKnownFileType = sourcecode.swift; path = PurchaseInfo.swift; sourceTree = "<group>"; };
		810548AB366887C01104E65A /* LedgerPayment.framework */ = {isa = PBXFileReference; explicitFileType = wrapper.framework; includeInIndex = 0; path = LedgerPayment.framework; sourceTree = BUILT_PRODUCTS_DIR; };
		824D5E5940F7B5D8B1F4B4A2 /* LedgerPaymentTests.swift */ = {isa = PBXFileReference; lastKnownFileType = sourcecode.swift; path = LedgerPaymentTests.swift; sourceTree = "<group>"; };
		A912FD0D6935E8923A47B2BB /* Example.app */ = {isa = PBXFileReference; explicitFileType = wrapper.application; includeInIndex = 0; path = Example.app; sourceTree = BUILT_PRODUCTS_DIR; };
		A923D0BF28530244002B2B03 /* SKProductSubscriptionPeriod+Period.swift */ = {isa = PBXFileReference; lastKnownFileType = sourcecode.swift; path = "SKProductSubscriptionPeriod+Period.swift"; sourceTree = "<group>"; };
		A9C85B412851E3F8007AFAD8 /* NSNumber+localizedPrice.swift */ = {isa = PBXFileReference; lastKnownFileType = sourcecode.swift; path = "NSNumber+localizedPrice.swift"; sourceTree = "<group>"; };
		A9C85B482851EC0B007AFAD8 /* IntroductoryOffer.swift */ = {isa = PBXFileReference; lastKnownFileType = sourcecode.swift; path = IntroductoryOffer.swift; sourceTree = "<group>"; };
		CF776268A36D999698D4F267 /* XCTestManifests.swift */ = {isa = PBXFileReference; lastKnownFileType = sourcecode.swift; path = XCTestManifests.swift; sourceTree = "<group>"; };
		E182707A9CD19B362359E7E6 /* LedgerPaymentTests.xctest */ = {isa = PBXFileReference; explicitFileType = wrapper.cfbundle; includeInIndex = 0; path = LedgerPaymentTests.xctest; sourceTree = BUILT_PRODUCTS_DIR; };
/* End PBXFileReference section */

/* Begin PBXFrameworksBuildPhase section */
		2A49C3D3D83180C9F1257206 /* Frameworks */ = {
			isa = PBXFrameworksBuildPhase;
			buildActionMask = 2147483647;
			files = (
				57D7DB15267A064B0007FF86 /* Kronos.xcframework in Frameworks */,
				57D7DB022679F9200007FF86 /* SwiftyStoreKit.xcframework in Frameworks */,
				FC8EF8D6F576F130B0DB5FDC /* LedgerPayment.framework in Frameworks */,
				57D7DB002679F9200007FF86 /* KeychainAccess.xcframework in Frameworks */,
				57D7DB55267B33D30007FF86 /* Ion.xcframework in Frameworks */,
				57D7DB072679F9440007FF86 /* StoreKit.framework in Frameworks */,
			);
			runOnlyForDeploymentPostprocessing = 0;
		};
		57D7DADB2679EE4D0007FF86 /* Frameworks */ = {
			isa = PBXFrameworksBuildPhase;
			buildActionMask = 2147483647;
			files = (
				57D7DB4F267B33C70007FF86 /* Ion.xcframework in Frameworks */,
				57D7DB0F267A06430007FF86 /* Kronos.xcframework in Frameworks */,
				57D7DAE12679EE640007FF86 /* SwiftyStoreKit.xcframework in Frameworks */,
				57D7DAE32679EE640007FF86 /* KeychainAccess.xcframework in Frameworks */,
			);
			runOnlyForDeploymentPostprocessing = 0;
		};
/* End PBXFrameworksBuildPhase section */

/* Begin PBXGroup section */
		386FEA08CC77E210641F703D /* Ledger */ = {
			isa = PBXGroup;
			children = (
				A9C85B402851E3D4007AFAD8 /* Extension */,
				57D7DAD22679EC5B0007FF86 /* Classes */,
			);
			name = Ledger;
			path = Sources/Ledger;
			sourceTree = "<group>";
		};
		469FF3D94E7172C8F8982084 /* Example */ = {
			isa = PBXGroup;
			children = (
				32E5CB4F7E6008CA2D0A6411 /* AppDelegate.swift */,
				0E66733DB1CC9A1C4CF3FD37 /* ExampleViewController.swift */,
				57D7DB64267C50DD0007FF86 /* Constants.swift */,
				57D7DB19267B2D4F0007FF86 /* Configuration.storekit */,
			);
			name = Example;
			path = Sources/Example;
			sourceTree = "<group>";
		};
		57D7DAD22679EC5B0007FF86 /* Classes */ = {
			isa = PBXGroup;
			children = (
				57D7DAD32679EC640007FF86 /* Ledger.swift */,
				57D7DAEA2679EECE0007FF86 /* Product.swift */,
				A9C85B482851EC0B007AFAD8 /* IntroductoryOffer.swift */,
				57D7DB0A2679FEC60007FF86 /* Receipt.swift */,
				57D7DB6F267C5B930007FF86 /* PurchaseInfo.swift */,
			);
			path = Classes;
			sourceTree = "<group>";
		};
		57D7DADE2679EE640007FF86 /* Frameworks */ = {
			isa = PBXGroup;
			children = (
				57D7DB4E267B33C60007FF86 /* Ion.xcframework */,
				57D7DB0E267A06430007FF86 /* Kronos.xcframework */,
				57D7DB062679F9440007FF86 /* StoreKit.framework */,
				57D7DAE02679EE640007FF86 /* KeychainAccess.xcframework */,
				57D7DADF2679EE640007FF86 /* SwiftyStoreKit.xcframework */,
			);
			name = Frameworks;
			sourceTree = "<group>";
		};
		6080F44FB8EB1CAFF257F25F = {
			isa = PBXGroup;
			children = (
				469FF3D94E7172C8F8982084 /* Example */,
				386FEA08CC77E210641F703D /* Ledger */,
				AB6FAE02FB7DA664504091C9 /* LedgerPaymentTests */,
				672E309D080729BF93B82C50 /* Products */,
				57D7DADE2679EE640007FF86 /* Frameworks */,
			);
			sourceTree = "<group>";
		};
		672E309D080729BF93B82C50 /* Products */ = {
			isa = PBXGroup;
			children = (
				A912FD0D6935E8923A47B2BB /* Example.app */,
				810548AB366887C01104E65A /* LedgerPayment.framework */,
				E182707A9CD19B362359E7E6 /* LedgerPaymentTests.xctest */,
			);
			name = Products;
			sourceTree = "<group>";
		};
		A9C85B402851E3D4007AFAD8 /* Extension */ = {
			isa = PBXGroup;
			children = (
				A9C85B412851E3F8007AFAD8 /* NSNumber+localizedPrice.swift */,
				A923D0BF28530244002B2B03 /* SKProductSubscriptionPeriod+Period.swift */,
			);
			path = Extension;
			sourceTree = "<group>";
		};
		AB6FAE02FB7DA664504091C9 /* LedgerPaymentTests */ = {
			isa = PBXGroup;
			children = (
				824D5E5940F7B5D8B1F4B4A2 /* LedgerPaymentTests.swift */,
				CF776268A36D999698D4F267 /* XCTestManifests.swift */,
			);
			name = LedgerPaymentTests;
			path = Tests/LedgerPaymentTests;
			sourceTree = "<group>";
		};
/* End PBXGroup section */

/* Begin PBXNativeTarget section */
		4C63ED7EA67F3DD405FABA36 /* LedgerPayment */ = {
			isa = PBXNativeTarget;
			buildConfigurationList = DD0B3ABF594D0EF5EF60062E /* Build configuration list for PBXNativeTarget "LedgerPayment" */;
			buildPhases = (
				F1F080D0181C4541717A419D /* Sources */,
				57D7DADB2679EE4D0007FF86 /* Frameworks */,
			);
			buildRules = (
			);
			dependencies = (
			);
			name = LedgerPayment;
			productName = Ledger;
			productReference = 810548AB366887C01104E65A /* LedgerPayment.framework */;
			productType = "com.apple.product-type.framework";
		};
		5AE5CE9D99FDD7773336970B /* LedgerPaymentTests */ = {
			isa = PBXNativeTarget;
			buildConfigurationList = C53B56AC06D5216309B946BA /* Build configuration list for PBXNativeTarget "LedgerPaymentTests" */;
			buildPhases = (
				C48FFF1C1B2301F1E92EFDE4 /* Sources */,
				161F7CA804423A1C87B1405A /* Swiftlint */,
			);
			buildRules = (
			);
			dependencies = (
			);
			name = LedgerPaymentTests;
			productName = LedgerTests;
			productReference = E182707A9CD19B362359E7E6 /* LedgerPaymentTests.xctest */;
			productType = "com.apple.product-type.bundle.unit-test";
		};
		FABCC282AA229324E31A3D7E /* Example */ = {
			isa = PBXNativeTarget;
			buildConfigurationList = 9B28693BBB92884ACFBEE925 /* Build configuration list for PBXNativeTarget "Example" */;
			buildPhases = (
				FFAB9EE74DF6CD67CB8375B4 /* Sources */,
				E244BC581F6C6BE0BAE60B46 /* Swiftlint */,
				2A49C3D3D83180C9F1257206 /* Frameworks */,
				93FE9847DBCC8F232A664F4C /* Embed Frameworks */,
			);
			buildRules = (
			);
			dependencies = (
				F9A72B3F636C130C90C50EA9 /* PBXTargetDependency */,
			);
			name = Example;
			productName = Example;
			productReference = A912FD0D6935E8923A47B2BB /* Example.app */;
			productType = "com.apple.product-type.application";
		};
/* End PBXNativeTarget section */

/* Begin PBXProject section */
		B0A8B9A62D78718FE29D671C /* Project object */ = {
			isa = PBXProject;
			attributes = {
				LastUpgradeCheck = 1200;
				TargetAttributes = {
					4C63ED7EA67F3DD405FABA36 = {
						LastSwiftMigration = 1240;
					};
				};
			};
			buildConfigurationList = 700EA40EC2902E5BA06B39FA /* Build configuration list for PBXProject "LedgerPayment" */;
			compatibilityVersion = "Xcode 10.0";
			developmentRegion = en;
			hasScannedForEncodings = 0;
			knownRegions = (
				Base,
				en,
			);
			mainGroup = 6080F44FB8EB1CAFF257F25F;
			projectDirPath = "";
			projectRoot = "";
			targets = (
				FABCC282AA229324E31A3D7E /* Example */,
				4C63ED7EA67F3DD405FABA36 /* LedgerPayment */,
				5AE5CE9D99FDD7773336970B /* LedgerPaymentTests */,
			);
		};
/* End PBXProject section */

/* Begin PBXShellScriptBuildPhase section */
		161F7CA804423A1C87B1405A /* Swiftlint */ = {
			isa = PBXShellScriptBuildPhase;
			buildActionMask = 2147483647;
			files = (
			);
			inputFileListPaths = (
			);
			inputPaths = (
			);
			name = Swiftlint;
			outputFileListPaths = (
			);
			outputPaths = (
			);
			runOnlyForDeploymentPostprocessing = 0;
			shellPath = /bin/sh;
			shellScript = swiftlint;
		};
		E244BC581F6C6BE0BAE60B46 /* Swiftlint */ = {
			isa = PBXShellScriptBuildPhase;
			buildActionMask = 2147483647;
			files = (
			);
			inputFileListPaths = (
			);
			inputPaths = (
			);
			name = Swiftlint;
			outputFileListPaths = (
			);
			outputPaths = (
			);
			runOnlyForDeploymentPostprocessing = 0;
			shellPath = /bin/sh;
			shellScript = swiftlint;
		};
/* End PBXShellScriptBuildPhase section */

/* Begin PBXSourcesBuildPhase section */
		C48FFF1C1B2301F1E92EFDE4 /* Sources */ = {
			isa = PBXSourcesBuildPhase;
			buildActionMask = 2147483647;
			files = (
				4414B960F04290E62FA8CCE6 /* LedgerPaymentTests.swift in Sources */,
				9F6211236FC0F5BEA9E7545A /* XCTestManifests.swift in Sources */,
			);
			runOnlyForDeploymentPostprocessing = 0;
		};
		F1F080D0181C4541717A419D /* Sources */ = {
			isa = PBXSourcesBuildPhase;
			buildActionMask = 2147483647;
			files = (
				57D7DB70267C5B930007FF86 /* PurchaseInfo.swift in Sources */,
				A923D0C028530244002B2B03 /* SKProductSubscriptionPeriod+Period.swift in Sources */,
				A9C85B492851EC0B007AFAD8 /* IntroductoryOffer.swift in Sources */,
				A9C85B432851E3FC007AFAD8 /* NSNumber+localizedPrice.swift in Sources */,
				57D7DB0B2679FEC60007FF86 /* Receipt.swift in Sources */,
				57D7DAD42679EC640007FF86 /* Ledger.swift in Sources */,
				57D7DAEB2679EECE0007FF86 /* Product.swift in Sources */,
			);
			runOnlyForDeploymentPostprocessing = 0;
		};
		FFAB9EE74DF6CD67CB8375B4 /* Sources */ = {
			isa = PBXSourcesBuildPhase;
			buildActionMask = 2147483647;
			files = (
				9A9C9A524BFEB3F96D03181F /* AppDelegate.swift in Sources */,
				6B0D957D9085D38ECE5FEEAA /* ExampleViewController.swift in Sources */,
				57D7DB68267C50E20007FF86 /* Constants.swift in Sources */,
			);
			runOnlyForDeploymentPostprocessing = 0;
		};
/* End PBXSourcesBuildPhase section */

/* Begin PBXTargetDependency section */
		F9A72B3F636C130C90C50EA9 /* PBXTargetDependency */ = {
			isa = PBXTargetDependency;
			target = 4C63ED7EA67F3DD405FABA36 /* LedgerPayment */;
			targetProxy = A304449CCE9FE073B915A580 /* PBXContainerItemProxy */;
		};
/* End PBXTargetDependency section */

/* Begin XCBuildConfiguration section */
		515A4399A551FB00E9D3D05B /* Release */ = {
			isa = XCBuildConfiguration;
			buildSettings = {
				ALWAYS_EMBED_SWIFT_STANDARD_LIBRARIES = YES;
				ASSETCATALOG_COMPILER_APPICON_NAME = AppIcon;
				CODE_SIGN_IDENTITY = "iPhone Distribution";
				CODE_SIGN_STYLE = Manual;
				DEVELOPMENT_TEAM = ZF48BX7VX6;
				INFOPLIST_FILE = LedgerPayment.xcodeproj/Example.plist;
				IPHONEOS_DEPLOYMENT_TARGET = 12.0;
				LD_RUNPATH_SEARCH_PATHS = (
					"$(inherited)",
					"@executable_path/Frameworks",
				);
				PRODUCT_BUNDLE_IDENTIFIER = com.demomusic.demo;
				PROVISIONING_PROFILE_SPECIFIER = "match AdHoc com.demomusic.demo 1653961625";
				SDKROOT = iphoneos;
				TARGETED_DEVICE_FAMILY = "1,2";
			};
			name = Release;
		};
		59146A2660FE00A476B93B48 /* Debug */ = {
			isa = XCBuildConfiguration;
			buildSettings = {
				BUNDLE_LOADER = "$(TEST_HOST)";
				INFOPLIST_FILE = Ledger.xcodeproj/LedgerTests.plist;
				IPHONEOS_DEPLOYMENT_TARGET = 12.0;
				LD_RUNPATH_SEARCH_PATHS = (
					"$(inherited)",
					"@executable_path/Frameworks",
					"@loader_path/Frameworks",
				);
				PRODUCT_BUNDLE_IDENTIFIER = com.rosberry.LedgerTests;
				PRODUCT_NAME = LedgerPaymentTests;
				SDKROOT = iphoneos;
				TARGETED_DEVICE_FAMILY = "1,2";
			};
			name = Debug;
		};
		9C1386B84DE36CC20C7DD48C /* Release */ = {
			isa = XCBuildConfiguration;
			buildSettings = {
				BUILD_LIBRARY_FOR_DISTRIBUTION = YES;
				CLANG_ENABLE_MODULES = YES;
				CODE_SIGN_IDENTITY = "";
				CURRENT_PROJECT_VERSION = 1;
				DEFINES_MODULE = YES;
				DYLIB_COMPATIBILITY_VERSION = 1;
				DYLIB_CURRENT_VERSION = 1;
				DYLIB_INSTALL_NAME_BASE = "@rpath";
				INFOPLIST_FILE = LedgerPayment.xcodeproj/Ledger.plist;
				INSTALL_PATH = "$(LOCAL_LIBRARY_DIR)/Frameworks";
				IPHONEOS_DEPLOYMENT_TARGET = 12.0;
				LD_RUNPATH_SEARCH_PATHS = (
					"$(inherited)",
					"@executable_path/Frameworks",
				);
				PRODUCT_BUNDLE_IDENTIFIER = com.rosberry.ledger;
				PRODUCT_NAME = LedgerPayment;
				SDKROOT = iphoneos;
				SKIP_INSTALL = YES;
				SWIFT_VERSION = 5.0;
				TARGETED_DEVICE_FAMILY = "1,2";
				VERSIONING_SYSTEM = "apple-generic";
			};
			name = Release;
		};
		A807ADCD22AC85C38E89953D /* Release */ = {
			isa = XCBuildConfiguration;
			buildSettings = {
				BUNDLE_LOADER = "$(TEST_HOST)";
				INFOPLIST_FILE = Ledger.xcodeproj/LedgerTests.plist;
				IPHONEOS_DEPLOYMENT_TARGET = 12.0;
				LD_RUNPATH_SEARCH_PATHS = (
					"$(inherited)",
					"@executable_path/Frameworks",
					"@loader_path/Frameworks",
				);
				PRODUCT_BUNDLE_IDENTIFIER = com.rosberry.LedgerTests;
				PRODUCT_NAME = LedgerPaymentTests;
				SDKROOT = iphoneos;
				TARGETED_DEVICE_FAMILY = "1,2";
			};
			name = Release;
		};
		D44F4CA16B0CE320CB52869A /* Release */ = {
			isa = XCBuildConfiguration;
			buildSettings = {
				ALWAYS_SEARCH_USER_PATHS = NO;
				CLANG_ANALYZER_NONNULL = YES;
				CLANG_ANALYZER_NUMBER_OBJECT_CONVERSION = YES_AGGRESSIVE;
				CLANG_CXX_LANGUAGE_STANDARD = "gnu++14";
				CLANG_CXX_LIBRARY = "libc++";
				CLANG_ENABLE_MODULES = YES;
				CLANG_ENABLE_OBJC_ARC = YES;
				CLANG_ENABLE_OBJC_WEAK = YES;
				CLANG_WARN_BLOCK_CAPTURE_AUTORELEASING = YES;
				CLANG_WARN_BOOL_CONVERSION = YES;
				CLANG_WARN_COMMA = YES;
				CLANG_WARN_CONSTANT_CONVERSION = YES;
				CLANG_WARN_DEPRECATED_OBJC_IMPLEMENTATIONS = YES;
				CLANG_WARN_DIRECT_OBJC_ISA_USAGE = YES_ERROR;
				CLANG_WARN_DOCUMENTATION_COMMENTS = YES;
				CLANG_WARN_EMPTY_BODY = YES;
				CLANG_WARN_ENUM_CONVERSION = YES;
				CLANG_WARN_INFINITE_RECURSION = YES;
				CLANG_WARN_INT_CONVERSION = YES;
				CLANG_WARN_NON_LITERAL_NULL_CONVERSION = YES;
				CLANG_WARN_OBJC_IMPLICIT_RETAIN_SELF = YES;
				CLANG_WARN_OBJC_LITERAL_CONVERSION = YES;
				CLANG_WARN_OBJC_ROOT_CLASS = YES_ERROR;
				CLANG_WARN_QUOTED_INCLUDE_IN_FRAMEWORK_HEADER = YES;
				CLANG_WARN_RANGE_LOOP_ANALYSIS = YES;
				CLANG_WARN_STRICT_PROTOTYPES = YES;
				CLANG_WARN_SUSPICIOUS_MOVE = YES;
				CLANG_WARN_UNGUARDED_AVAILABILITY = YES_AGGRESSIVE;
				CLANG_WARN_UNREACHABLE_CODE = YES;
				CLANG_WARN__DUPLICATE_METHOD_MATCH = YES;
				COPY_PHASE_STRIP = NO;
				DEBUG_INFORMATION_FORMAT = "dwarf-with-dsym";
				ENABLE_NS_ASSERTIONS = NO;
				ENABLE_STRICT_OBJC_MSGSEND = YES;
				GCC_C_LANGUAGE_STANDARD = gnu11;
				GCC_NO_COMMON_BLOCKS = YES;
				GCC_WARN_64_TO_32_BIT_CONVERSION = YES;
				GCC_WARN_ABOUT_RETURN_TYPE = YES_ERROR;
				GCC_WARN_UNDECLARED_SELECTOR = YES;
				GCC_WARN_UNINITIALIZED_AUTOS = YES_AGGRESSIVE;
				GCC_WARN_UNUSED_FUNCTION = YES;
				GCC_WARN_UNUSED_VARIABLE = YES;
				MTL_ENABLE_DEBUG_INFO = NO;
				MTL_FAST_MATH = YES;
				PRODUCT_NAME = "$(TARGET_NAME)";
				SDKROOT = iphoneos;
				SWIFT_COMPILATION_MODE = wholemodule;
				SWIFT_OPTIMIZATION_LEVEL = "-O";
				SWIFT_VERSION = 5.0;
			};
			name = Release;
		};
		E3CA30C737304FE993AD41E6 /* Debug */ = {
			isa = XCBuildConfiguration;
			buildSettings = {
				ALWAYS_SEARCH_USER_PATHS = NO;
				CLANG_ANALYZER_NONNULL = YES;
				CLANG_ANALYZER_NUMBER_OBJECT_CONVERSION = YES_AGGRESSIVE;
				CLANG_CXX_LANGUAGE_STANDARD = "gnu++14";
				CLANG_CXX_LIBRARY = "libc++";
				CLANG_ENABLE_MODULES = YES;
				CLANG_ENABLE_OBJC_ARC = YES;
				CLANG_ENABLE_OBJC_WEAK = YES;
				CLANG_WARN_BLOCK_CAPTURE_AUTORELEASING = YES;
				CLANG_WARN_BOOL_CONVERSION = YES;
				CLANG_WARN_COMMA = YES;
				CLANG_WARN_CONSTANT_CONVERSION = YES;
				CLANG_WARN_DEPRECATED_OBJC_IMPLEMENTATIONS = YES;
				CLANG_WARN_DIRECT_OBJC_ISA_USAGE = YES_ERROR;
				CLANG_WARN_DOCUMENTATION_COMMENTS = YES;
				CLANG_WARN_EMPTY_BODY = YES;
				CLANG_WARN_ENUM_CONVERSION = YES;
				CLANG_WARN_INFINITE_RECURSION = YES;
				CLANG_WARN_INT_CONVERSION = YES;
				CLANG_WARN_NON_LITERAL_NULL_CONVERSION = YES;
				CLANG_WARN_OBJC_IMPLICIT_RETAIN_SELF = YES;
				CLANG_WARN_OBJC_LITERAL_CONVERSION = YES;
				CLANG_WARN_OBJC_ROOT_CLASS = YES_ERROR;
				CLANG_WARN_QUOTED_INCLUDE_IN_FRAMEWORK_HEADER = YES;
				CLANG_WARN_RANGE_LOOP_ANALYSIS = YES;
				CLANG_WARN_STRICT_PROTOTYPES = YES;
				CLANG_WARN_SUSPICIOUS_MOVE = YES;
				CLANG_WARN_UNGUARDED_AVAILABILITY = YES_AGGRESSIVE;
				CLANG_WARN_UNREACHABLE_CODE = YES;
				CLANG_WARN__DUPLICATE_METHOD_MATCH = YES;
				COPY_PHASE_STRIP = NO;
				DEBUG_INFORMATION_FORMAT = dwarf;
				ENABLE_STRICT_OBJC_MSGSEND = YES;
				ENABLE_TESTABILITY = YES;
				GCC_C_LANGUAGE_STANDARD = gnu11;
				GCC_DYNAMIC_NO_PIC = NO;
				GCC_NO_COMMON_BLOCKS = YES;
				GCC_OPTIMIZATION_LEVEL = 0;
				GCC_PREPROCESSOR_DEFINITIONS = (
					"$(inherited)",
					"DEBUG=1",
				);
				GCC_WARN_64_TO_32_BIT_CONVERSION = YES;
				GCC_WARN_ABOUT_RETURN_TYPE = YES_ERROR;
				GCC_WARN_UNDECLARED_SELECTOR = YES;
				GCC_WARN_UNINITIALIZED_AUTOS = YES_AGGRESSIVE;
				GCC_WARN_UNUSED_FUNCTION = YES;
				GCC_WARN_UNUSED_VARIABLE = YES;
				MTL_ENABLE_DEBUG_INFO = INCLUDE_SOURCE;
				MTL_FAST_MATH = YES;
				ONLY_ACTIVE_ARCH = YES;
				PRODUCT_NAME = "$(TARGET_NAME)";
				SDKROOT = iphoneos;
				SWIFT_ACTIVE_COMPILATION_CONDITIONS = DEBUG;
				SWIFT_OPTIMIZATION_LEVEL = "-Onone";
				SWIFT_VERSION = 5.0;
			};
			name = Debug;
		};
		E999C0E4D8E54429F8393D2D /* Debug */ = {
			isa = XCBuildConfiguration;
			buildSettings = {
				ALWAYS_EMBED_SWIFT_STANDARD_LIBRARIES = YES;
				ASSETCATALOG_COMPILER_APPICON_NAME = AppIcon;
				CODE_SIGN_IDENTITY = "iPhone Developer";
				CODE_SIGN_STYLE = Manual;
				DEVELOPMENT_TEAM = ZF48BX7VX6;
				INFOPLIST_FILE = LedgerPayment.xcodeproj/Example.plist;
				IPHONEOS_DEPLOYMENT_TARGET = 12.0;
				LD_RUNPATH_SEARCH_PATHS = (
					"$(inherited)",
					"@executable_path/Frameworks",
				);
				PRODUCT_BUNDLE_IDENTIFIER = com.demomusic.demo;
				PROVISIONING_PROFILE_SPECIFIER = "match Development com.demomusic.demo";
				SDKROOT = iphoneos;
				TARGETED_DEVICE_FAMILY = "1,2";
			};
			name = Debug;
		};
		F7A88946D48E8C1205C767E7 /* Debug */ = {
			isa = XCBuildConfiguration;
			buildSettings = {
				BUILD_LIBRARY_FOR_DISTRIBUTION = YES;
				CLANG_ENABLE_MODULES = YES;
				CODE_SIGN_IDENTITY = "";
				CURRENT_PROJECT_VERSION = 1;
				DEFINES_MODULE = YES;
				DYLIB_COMPATIBILITY_VERSION = 1;
				DYLIB_CURRENT_VERSION = 1;
				DYLIB_INSTALL_NAME_BASE = "@rpath";
				INFOPLIST_FILE = LedgerPayment.xcodeproj/Ledger.plist;
				INSTALL_PATH = "$(LOCAL_LIBRARY_DIR)/Frameworks";
				IPHONEOS_DEPLOYMENT_TARGET = 12.0;
				LD_RUNPATH_SEARCH_PATHS = (
					"$(inherited)",
					"@executable_path/Frameworks",
				);
				PRODUCT_BUNDLE_IDENTIFIER = com.rosberry.ledger;
				PRODUCT_NAME = LedgerPayment;
				SDKROOT = iphoneos;
				SKIP_INSTALL = YES;
				SWIFT_OPTIMIZATION_LEVEL = "-Onone";
				SWIFT_VERSION = 5.0;
				TARGETED_DEVICE_FAMILY = "1,2";
				VERSIONING_SYSTEM = "apple-generic";
			};
			name = Debug;
		};
/* End XCBuildConfiguration section */

/* Begin XCConfigurationList section */
		700EA40EC2902E5BA06B39FA /* Build configuration list for PBXProject "LedgerPayment" */ = {
			isa = XCConfigurationList;
			buildConfigurations = (
				E3CA30C737304FE993AD41E6 /* Debug */,
				D44F4CA16B0CE320CB52869A /* Release */,
			);
			defaultConfigurationIsVisible = 0;
			defaultConfigurationName = Debug;
		};
		9B28693BBB92884ACFBEE925 /* Build configuration list for PBXNativeTarget "Example" */ = {
			isa = XCConfigurationList;
			buildConfigurations = (
				E999C0E4D8E54429F8393D2D /* Debug */,
				515A4399A551FB00E9D3D05B /* Release */,
			);
			defaultConfigurationIsVisible = 0;
			defaultConfigurationName = Debug;
		};
		C53B56AC06D5216309B946BA /* Build configuration list for PBXNativeTarget "LedgerPaymentTests" */ = {
			isa = XCConfigurationList;
			buildConfigurations = (
				59146A2660FE00A476B93B48 /* Debug */,
				A807ADCD22AC85C38E89953D /* Release */,
			);
			defaultConfigurationIsVisible = 0;
			defaultConfigurationName = Debug;
		};
		DD0B3ABF594D0EF5EF60062E /* Build configuration list for PBXNativeTarget "LedgerPayment" */ = {
			isa = XCConfigurationList;
			buildConfigurations = (
				F7A88946D48E8C1205C767E7 /* Debug */,
				9C1386B84DE36CC20C7DD48C /* Release */,
			);
			defaultConfigurationIsVisible = 0;
			defaultConfigurationName = Debug;
		};
/* End XCConfigurationList section */
	};
	rootObject = B0A8B9A62D78718FE29D671C /* Project object */;
}
